
Microsoft Visual Studio Solution File, Format Version 12.00
# Visual Studio Version 16
VisualStudioVersion = 16.0.30413.136
MinimumVisualStudioVersion = 10.0.40219.1
Project("{888888A0-9F3D-457C-B088-3A5042F75D52}") = "Python Practice", "Python Practice\Python Practice.pyproj", "{C6BF2513-A93D-47D5-9818-C1CABF889FDD}"
EndProject
Global
	GlobalSection(SolutionConfigurationPlatforms) = preSolution
		Debug|Any CPU = Debug|Any CPU
		Release|Any CPU = Release|Any CPU
	EndGlobalSection
	GlobalSection(ProjectConfigurationPlatforms) = postSolution
		{C6BF2513-A93D-47D5-9818-C1CABF889FDD}.Debug|Any CPU.ActiveCfg = Debug|Any CPU
		{C6BF2513-A93D-47D5-9818-C1CABF889FDD}.Release|Any CPU.ActiveCfg = Release|Any CPU
	EndGlobalSection
	GlobalSection(SolutionProperties) = preSolution
		HideSolutionNode = FALSE
	EndGlobalSection
	GlobalSection(ExtensibilityGlobals) = postSolution
		SolutionGuid = {5C1E840B-7912-4753-841C-0F809F4A3CA4}
	EndGlobalSection
EndGlobal
